
Microsoft Visual Studio Solution File, Format Version 12.00
# Visual Studio Version 16
VisualStudioVersion = 16.0.34031.81
MinimumVisualStudioVersion = 10.0.40219.1
Project("{FAE04EC0-301F-11D3-BF4B-00C04F79EFBC}") = "4_DTNhatNMPhuongPTNguyenNVNam_LTNET", "4_DTNhatNMPhuongPTNguyenNVNam_LTNET\4_DTNhatNMPhuongPTNguyenNVNam_LTNET.csproj", "{1EED7A2C-D146-4CC3-BAB7-0B103B99D7AA}"
EndProject
Global
	GlobalSection(SolutionConfigurationPlatforms) = preSolution
		Debug|Any CPU = Debug|Any CPU
		Release|Any CPU = Release|Any CPU
	EndGlobalSection
	GlobalSection(ProjectConfigurationPlatforms) = postSolution
		{1EED7A2C-D146-4CC3-BAB7-0B103B99D7AA}.Debug|Any CPU.ActiveCfg = Debug|Any CPU
		{1EED7A2C-D146-4CC3-BAB7-0B103B99D7AA}.Debug|Any CPU.Build.0 = Debug|Any CPU
		{1EED7A2C-D146-4CC3-BAB7-0B103B99D7AA}.Release|Any CPU.ActiveCfg = Release|Any CPU
		{1EED7A2C-D146-4CC3-BAB7-0B103B99D7AA}.Release|Any CPU.Build.0 = Release|Any CPU
	EndGlobalSection
	GlobalSection(SolutionProperties) = preSolution
		HideSolutionNode = FALSE
	EndGlobalSection
	GlobalSection(ExtensibilityGlobals) = postSolution
		SolutionGuid = {630E3865-12D6-4BF2-8EB3-8B5DE8606C2A}
	EndGlobalSection
EndGlobal
